
Microsoft Visual Studio Solution File, Format Version 12.00
# Visual Studio 15
VisualStudioVersion = 15.0.27428.2027
MinimumVisualStudioVersion = 10.0.40219.1
Project("{FAE04EC0-301F-11D3-BF4B-00C04F79EFBC}") = "WebFormsIntro", "WebFormsIntro\WebFormsIntro.csproj", "{4CBFD1DB-5EFF-4294-B607-8864998BFFAC}"
EndProject
Global
	GlobalSection(SolutionConfigurationPlatforms) = preSolution
		Debug|Any CPU = Debug|Any CPU
		Release|Any CPU = Release|Any CPU
	EndGlobalSection
	GlobalSection(ProjectConfigurationPlatforms) = postSolution
		{4CBFD1DB-5EFF-4294-B607-8864998BFFAC}.Debug|Any CPU.ActiveCfg = Debug|Any CPU
		{4CBFD1DB-5EFF-4294-B607-8864998BFFAC}.Debug|Any CPU.Build.0 = Debug|Any CPU
		{4CBFD1DB-5EFF-4294-B607-8864998BFFAC}.Release|Any CPU.ActiveCfg = Release|Any CPU
		{4CBFD1DB-5EFF-4294-B607-8864998BFFAC}.Release|Any CPU.Build.0 = Release|Any CPU
	EndGlobalSection
	GlobalSection(SolutionProperties) = preSolution
		HideSolutionNode = FALSE
	EndGlobalSection
	GlobalSection(ExtensibilityGlobals) = postSolution
		SolutionGuid = {73FCC839-38E9-459B-AFC4-4D943BC26722}
	EndGlobalSection
EndGlobal
